
Microsoft Visual Studio Solution File, Format Version 12.00
# Visual Studio Version 16
VisualStudioVersion = 16.0.31220.234
MinimumVisualStudioVersion = 10.0.40219.1
Project("{9A19103F-16F7-4668-BE54-9A1E7A4F7556}") = "ciml", "ciml\ciml.csproj", "{F3CFD387-675D-47FC-B700-853C7E80AC30}"
EndProject
Project("{9A19103F-16F7-4668-BE54-9A1E7A4F7556}") = "ciml.WinUI", "ciml.WinUI\ciml.WinUI.csproj", "{900196D5-3199-4EE6-A426-BF3C5B57611E}"
EndProject
Global
	GlobalSection(SolutionConfigurationPlatforms) = preSolution
		Debug|Any CPU = Debug|Any CPU
		Release|Any CPU = Release|Any CPU
	EndGlobalSection
	GlobalSection(ProjectConfigurationPlatforms) = postSolution
		{F3CFD387-675D-47FC-B700-853C7E80AC30}.Debug|Any CPU.ActiveCfg = Debug|Any CPU
		{F3CFD387-675D-47FC-B700-853C7E80AC30}.Debug|Any CPU.Build.0 = Debug|Any CPU
		{F3CFD387-675D-47FC-B700-853C7E80AC30}.Debug|Any CPU.Deploy.0 = Debug|Any CPU
		{F3CFD387-675D-47FC-B700-853C7E80AC30}.Release|Any CPU.ActiveCfg = Release|Any CPU
		{F3CFD387-675D-47FC-B700-853C7E80AC30}.Release|Any CPU.Build.0 = Release|Any CPU
		{F3CFD387-675D-47FC-B700-853C7E80AC30}.Release|Any CPU.Deploy.0 = Release|Any CPU
		{900196D5-3199-4EE6-A426-BF3C5B57611E}.Debug|Any CPU.ActiveCfg = Debug|Any CPU
		{900196D5-3199-4EE6-A426-BF3C5B57611E}.Debug|Any CPU.Build.0 = Debug|Any CPU
		{900196D5-3199-4EE6-A426-BF3C5B57611E}.Debug|Any CPU.Deploy.0 = Debug|Any CPU
		{900196D5-3199-4EE6-A426-BF3C5B57611E}.Release|Any CPU.ActiveCfg = Release|Any CPU
		{900196D5-3199-4EE6-A426-BF3C5B57611E}.Release|Any CPU.Build.0 = Release|Any CPU
		{900196D5-3199-4EE6-A426-BF3C5B57611E}.Release|Any CPU.Deploy.0 = Release|Any CPU
	EndGlobalSection
	GlobalSection(SolutionProperties) = preSolution
		HideSolutionNode = FALSE
	EndGlobalSection
	GlobalSection(ExtensibilityGlobals) = postSolution
		SolutionGuid = {61F7FB11-1E47-470C-91E2-47F8143E1572}
	EndGlobalSection
EndGlobal
